// !$*UTF8*$!
{
	archiveVersion = 1;
	classes = {
	};
	objectVersion = 56;
	objects = {

/* Begin PBXBuildFile section */
		0E430EEA2C0F58EF00E09841 /* MakeAlertHelper.swift in Sources */ = {isa = PBXBuildFile; fileRef = 0E430EE92C0F58EF00E09841 /* MakeAlertHelper.swift */; };
		0E5B7CF52BFE25C10014025E /* CGFloat+Ext.swift in Sources */ = {isa = PBXBuildFile; fileRef = 0E5B7CF42BFE25C10014025E /* CGFloat+Ext.swift */; };
		0E5B7CF92BFF5FBD0014025E /* DetailsView.swift in Sources */ = {isa = PBXBuildFile; fileRef = 0E5B7CF82BFF5FBD0014025E /* DetailsView.swift */; };
		0E5B7CFB2BFF5FC80014025E /* DetailsViewModel.swift in Sources */ = {isa = PBXBuildFile; fileRef = 0E5B7CFA2BFF5FC80014025E /* DetailsViewModel.swift */; };
		0E5B7CFE2C007B9D0014025E /* NetworkError.swift in Sources */ = {isa = PBXBuildFile; fileRef = 0E5B7CFD2C007B9D0014025E /* NetworkError.swift */; };
		0E5B7D002C007C0E0014025E /* Labels.swift in Sources */ = {isa = PBXBuildFile; fileRef = 0E5B7CFF2C007C0E0014025E /* Labels.swift */; };
		0E5B7D022C008B840014025E /* TabBarController.swift in Sources */ = {isa = PBXBuildFile; fileRef = 0E5B7D012C008B840014025E /* TabBarController.swift */; };
		0E5B7D082C008E600014025E /* FavoritesView.swift in Sources */ = {isa = PBXBuildFile; fileRef = 0E5B7D072C008E600014025E /* FavoritesView.swift */; };
		0E5B7D0A2C008E720014025E /* FavoritesViewModel.swift in Sources */ = {isa = PBXBuildFile; fileRef = 0E5B7D092C008E720014025E /* FavoritesViewModel.swift */; };
		0E5B7D0D2C0093FE0014025E /* UserDefaultsServie.swift in Sources */ = {isa = PBXBuildFile; fileRef = 0E5B7D0C2C0093FE0014025E /* UserDefaultsServie.swift */; };
		0E5B7D0F2C009F740014025E /* CharacterError.swift in Sources */ = {isa = PBXBuildFile; fileRef = 0E5B7D0E2C009F740014025E /* CharacterError.swift */; };
		0E5B7D112C00A6A80014025E /* CombinedCharacter.swift in Sources */ = {isa = PBXBuildFile; fileRef = 0E5B7D102C00A6A80014025E /* CombinedCharacter.swift */; };
		0EB8609E2BF7431E00E99EC1 /* NetworkManager.swift in Sources */ = {isa = PBXBuildFile; fileRef = 0EB8609D2BF7431D00E99EC1 /* NetworkManager.swift */; };
		0EB860A02BF7433900E99EC1 /* EndPoint.swift in Sources */ = {isa = PBXBuildFile; fileRef = 0EB8609F2BF7433900E99EC1 /* EndPoint.swift */; };
		0EB860A72BF771E600E99EC1 /* CharacterServiceDelegate.swift in Sources */ = {isa = PBXBuildFile; fileRef = 0EB860A62BF771E600E99EC1 /* CharacterServiceDelegate.swift */; };
		0EB860A92BF771FC00E99EC1 /* CharacterToDetailsService.swift in Sources */ = {isa = PBXBuildFile; fileRef = 0EB860A82BF771FC00E99EC1 /* CharacterToDetailsService.swift */; };
		0EB860AB2BF772AE00E99EC1 /* CharacterModel.swift in Sources */ = {isa = PBXBuildFile; fileRef = 0EB860AA2BF772AE00E99EC1 /* CharacterModel.swift */; };
		0EB860AD2BF772D000E99EC1 /* CharacterDetailsModel.swift in Sources */ = {isa = PBXBuildFile; fileRef = 0EB860AC2BF772D000E99EC1 /* CharacterDetailsModel.swift */; };
		0EB860AF2BF778E500E99EC1 /* HomeViewModel.swift in Sources */ = {isa = PBXBuildFile; fileRef = 0EB860AE2BF778E500E99EC1 /* HomeViewModel.swift */; };
		0EB860B22BF77A8300E99EC1 /* CollectionViewHelper.swift in Sources */ = {isa = PBXBuildFile; fileRef = 0EB860B12BF77A8300E99EC1 /* CollectionViewHelper.swift */; };
		0EB860B62BF7839F00E99EC1 /* HomeCell.swift in Sources */ = {isa = PBXBuildFile; fileRef = 0EB860B52BF7839F00E99EC1 /* HomeCell.swift */; };
		0EB860B92BF788D900E99EC1 /* SDWebImage in Frameworks */ = {isa = PBXBuildFile; productRef = 0EB860B82BF788D900E99EC1 /* SDWebImage */; };
		0EB860BB2BF788D900E99EC1 /* SDWebImageMapKit in Frameworks */ = {isa = PBXBuildFile; productRef = 0EB860BA2BF788D900E99EC1 /* SDWebImageMapKit */; };
		0EC104AB2C05F7E500D6696B /* FavoritesCell.swift in Sources */ = {isa = PBXBuildFile; fileRef = 0EC104AA2C05F7E500D6696B /* FavoritesCell.swift */; };
		0EE86BFA2BF73B8F005C5240 /* AppDelegate.swift in Sources */ = {isa = PBXBuildFile; fileRef = 0EE86BF92BF73B8F005C5240 /* AppDelegate.swift */; };
		0EE86BFC2BF73B8F005C5240 /* SceneDelegate.swift in Sources */ = {isa = PBXBuildFile; fileRef = 0EE86BFB2BF73B8F005C5240 /* SceneDelegate.swift */; };
		0EE86BFE2BF73B8F005C5240 /* HomeView.swift in Sources */ = {isa = PBXBuildFile; fileRef = 0EE86BFD2BF73B8F005C5240 /* HomeView.swift */; };
		0EE86C012BF73B8F005C5240 /* Base in Resources */ = {isa = PBXBuildFile; fileRef = 0EE86C002BF73B8F005C5240 /* Base */; };
		0EE86C032BF73B90005C5240 /* Assets.xcassets in Resources */ = {isa = PBXBuildFile; fileRef = 0EE86C022BF73B90005C5240 /* Assets.xcassets */; };
		0EE86C062BF73B90005C5240 /* Base in Resources */ = {isa = PBXBuildFile; fileRef = 0EE86C052BF73B90005C5240 /* Base */; };
/* End PBXBuildFile section */

/* Begin PBXFileReference section */
		0E430EE92C0F58EF00E09841 /* MakeAlertHelper.swift */ = {isa = PBXFileReference; lastKnownFileType = sourcecode.swift; path = MakeAlertHelper.swift; sourceTree = "<group>"; };
		0E5B7CF42BFE25C10014025E /* CGFloat+Ext.swift */ = {isa = PBXFileReference; lastKnownFileType = sourcecode.swift; path = "CGFloat+Ext.swift"; sourceTree = "<group>"; };
		0E5B7CF82BFF5FBD0014025E /* DetailsView.swift */ = {isa = PBXFileReference; lastKnownFileType = sourcecode.swift; path = DetailsView.swift; sourceTree = "<group>"; };
		0E5B7CFA2BFF5FC80014025E /* DetailsViewModel.swift */ = {isa = PBXFileReference; lastKnownFileType = sourcecode.swift; path = DetailsViewModel.swift; sourceTree = "<group>"; };
		0E5B7CFD2C007B9D0014025E /* NetworkError.swift */ = {isa = PBXFileReference; lastKnownFileType = sourcecode.swift; path = NetworkError.swift; sourceTree = "<group>"; };
		0E5B7CFF2C007C0E0014025E /* Labels.swift */ = {isa = PBXFileReference; lastKnownFileType = sourcecode.swift; path = Labels.swift; sourceTree = "<group>"; };
		0E5B7D012C008B840014025E /* TabBarController.swift */ = {isa = PBXFileReference; lastKnownFileType = sourcecode.swift; path = TabBarController.swift; sourceTree = "<group>"; };
		0E5B7D072C008E600014025E /* FavoritesView.swift */ = {isa = PBXFileReference; lastKnownFileType = sourcecode.swift; path = FavoritesView.swift; sourceTree = "<group>"; };
		0E5B7D092C008E720014025E /* FavoritesViewModel.swift */ = {isa = PBXFileReference; lastKnownFileType = sourcecode.swift; path = FavoritesViewModel.swift; sourceTree = "<group>"; };
		0E5B7D0C2C0093FE0014025E /* UserDefaultsServie.swift */ = {isa = PBXFileReference; lastKnownFileType = sourcecode.swift; path = UserDefaultsServie.swift; sourceTree = "<group>"; };
		0E5B7D0E2C009F740014025E /* CharacterError.swift */ = {isa = PBXFileReference; lastKnownFileType = sourcecode.swift; path = CharacterError.swift; sourceTree = "<group>"; };
		0E5B7D102C00A6A80014025E /* CombinedCharacter.swift */ = {isa = PBXFileReference; lastKnownFileType = sourcecode.swift; path = CombinedCharacter.swift; sourceTree = "<group>"; };
		0EB8609D2BF7431D00E99EC1 /* NetworkManager.swift */ = {isa = PBXFileReference; lastKnownFileType = sourcecode.swift; path = NetworkManager.swift; sourceTree = "<group>"; };
		0EB8609F2BF7433900E99EC1 /* EndPoint.swift */ = {isa = PBXFileReference; lastKnownFileType = sourcecode.swift; path = EndPoint.swift; sourceTree = "<group>"; };
		0EB860A62BF771E600E99EC1 /* CharacterServiceDelegate.swift */ = {isa = PBXFileReference; lastKnownFileType = sourcecode.swift; path = CharacterServiceDelegate.swift; sourceTree = "<group>"; };
		0EB860A82BF771FC00E99EC1 /* CharacterToDetailsService.swift */ = {isa = PBXFileReference; lastKnownFileType = sourcecode.swift; path = CharacterToDetailsService.swift; sourceTree = "<group>"; };
		0EB860AA2BF772AE00E99EC1 /* CharacterModel.swift */ = {isa = PBXFileReference; lastKnownFileType = sourcecode.swift; path = CharacterModel.swift; sourceTree = "<group>"; };
		0EB860AC2BF772D000E99EC1 /* CharacterDetailsModel.swift */ = {isa = PBXFileReference; lastKnownFileType = sourcecode.swift; path = CharacterDetailsModel.swift; sourceTree = "<group>"; };
		0EB860AE2BF778E500E99EC1 /* HomeViewModel.swift */ = {isa = PBXFileReference; lastKnownFileType = sourcecode.swift; path = HomeViewModel.swift; sourceTree = "<group>"; };
		0EB860B12BF77A8300E99EC1 /* CollectionViewHelper.swift */ = {isa = PBXFileReference; lastKnownFileType = sourcecode.swift; path = CollectionViewHelper.swift; sourceTree = "<group>"; };
		0EB860B52BF7839F00E99EC1 /* HomeCell.swift */ = {isa = PBXFileReference; lastKnownFileType = sourcecode.swift; path = HomeCell.swift; sourceTree = "<group>"; };
		0EC104AA2C05F7E500D6696B /* FavoritesCell.swift */ = {isa = PBXFileReference; lastKnownFileType = sourcecode.swift; path = FavoritesCell.swift; sourceTree = "<group>"; };
		0EE86BF62BF73B8F005C5240 /* GenericNetworkLayer.app */ = {isa = PBXFileReference; explicitFileType = wrapper.application; includeInIndex = 0; path = GenericNetworkLayer.app; sourceTree = BUILT_PRODUCTS_DIR; };
		0EE86BF92BF73B8F005C5240 /* AppDelegate.swift */ = {isa = PBXFileReference; lastKnownFileType = sourcecode.swift; path = AppDelegate.swift; sourceTree = "<group>"; };
		0EE86BFB2BF73B8F005C5240 /* SceneDelegate.swift */ = {isa = PBXFileReference; lastKnownFileType = sourcecode.swift; path = SceneDelegate.swift; sourceTree = "<group>"; };
		0EE86BFD2BF73B8F005C5240 /* HomeView.swift */ = {isa = PBXFileReference; lastKnownFileType = sourcecode.swift; path = HomeView.swift; sourceTree = "<group>"; };
		0EE86C002BF73B8F005C5240 /* Base */ = {isa = PBXFileReference; lastKnownFileType = file.storyboard; name = Base; path = Base.lproj/Main.storyboard; sourceTree = "<group>"; };
		0EE86C022BF73B90005C5240 /* Assets.xcassets */ = {isa = PBXFileReference; lastKnownFileType = folder.assetcatalog; path = Assets.xcassets; sourceTree = "<group>"; };
		0EE86C052BF73B90005C5240 /* Base */ = {isa = PBXFileReference; lastKnownFileType = file.storyboard; name = Base; path = Base.lproj/LaunchScreen.storyboard; sourceTree = "<group>"; };
		0EE86C072BF73B90005C5240 /* Info.plist */ = {isa = PBXFileReference; lastKnownFileType = text.plist.xml; path = Info.plist; sourceTree = "<group>"; };
/* End PBXFileReference section */

/* Begin PBXFrameworksBuildPhase section */
		0EE86BF32BF73B8F005C5240 /* Frameworks */ = {
			isa = PBXFrameworksBuildPhase;
			buildActionMask = 2147483647;
			files = (
				0EB860BB2BF788D900E99EC1 /* SDWebImageMapKit in Frameworks */,
				0EB860B92BF788D900E99EC1 /* SDWebImage in Frameworks */,
			);
			runOnlyForDeploymentPostprocessing = 0;
		};
/* End PBXFrameworksBuildPhase section */

/* Begin PBXGroup section */
		0E5B7CF62BFF5E5B0014025E /* DetailsView */ = {
			isa = PBXGroup;
			children = (
				0E5B7CF82BFF5FBD0014025E /* DetailsView.swift */,
			);
			path = DetailsView;
			sourceTree = "<group>";
		};
		0E5B7CF72BFF5E690014025E /* DetailsViewModel */ = {
			isa = PBXGroup;
			children = (
				0E5B7CFA2BFF5FC80014025E /* DetailsViewModel.swift */,
			);
			path = DetailsViewModel;
			sourceTree = "<group>";
		};
		0E5B7CFC2C007B7C0014025E /* Utilities */ = {
			isa = PBXGroup;
			children = (
				0E5B7CFD2C007B9D0014025E /* NetworkError.swift */,
				0E5B7D0E2C009F740014025E /* CharacterError.swift */,
			);
			path = Utilities;
			sourceTree = "<group>";
		};
		0E5B7D032C008B870014025E /* Labels */ = {
			isa = PBXGroup;
			children = (
			);
			path = Labels;
			sourceTree = "<group>";
		};
		0E5B7D052C008E2F0014025E /* FavoritesView */ = {
			isa = PBXGroup;
			children = (
				0E5B7D072C008E600014025E /* FavoritesView.swift */,
				0EC104AA2C05F7E500D6696B /* FavoritesCell.swift */,
			);
			path = FavoritesView;
			sourceTree = "<group>";
		};
		0E5B7D062C008E3E0014025E /* FavoritesViewModel */ = {
			isa = PBXGroup;
			children = (
				0E5B7D092C008E720014025E /* FavoritesViewModel.swift */,
			);
			path = FavoritesViewModel;
			sourceTree = "<group>";
		};
		0E5B7D0B2C0093D30014025E /* UserDefaults */ = {
			isa = PBXGroup;
			children = (
				0E5B7D0C2C0093FE0014025E /* UserDefaultsServie.swift */,
			);
			path = UserDefaults;
			sourceTree = "<group>";
		};
		0EB860982BF742A700E99EC1 /* Core */ = {
			isa = PBXGroup;
			children = (
				0EE86BFB2BF73B8F005C5240 /* SceneDelegate.swift */,
				0EE86BF92BF73B8F005C5240 /* AppDelegate.swift */,
				0EE86BFF2BF73B8F005C5240 /* Main.storyboard */,
				0EE86C042BF73B90005C5240 /* LaunchScreen.storyboard */,
				0EE86C022BF73B90005C5240 /* Assets.xcassets */,
			);
			path = Core;
			sourceTree = "<group>";
		};
		0EB860992BF742AE00E99EC1 /* View */ = {
			isa = PBXGroup;
			children = (
				0EB860B32BF7836700E99EC1 /* HomeView */,
				0E5B7CF62BFF5E5B0014025E /* DetailsView */,
				0E5B7D052C008E2F0014025E /* FavoritesView */,
			);
			path = View;
			sourceTree = "<group>";
		};
		0EB8609A2BF742B400E99EC1 /* ViewModel */ = {
			isa = PBXGroup;
			children = (
				0EB860B42BF7837700E99EC1 /* HomeViewModel */,
				0E5B7CF72BFF5E690014025E /* DetailsViewModel */,
				0E5B7D062C008E3E0014025E /* FavoritesViewModel */,
			);
			path = ViewModel;
			sourceTree = "<group>";
		};
		0EB8609B2BF742BD00E99EC1 /* Service */ = {
			isa = PBXGroup;
			children = (
				0EB860A62BF771E600E99EC1 /* CharacterServiceDelegate.swift */,
				0EB860A82BF771FC00E99EC1 /* CharacterToDetailsService.swift */,
			);
			path = Service;
			sourceTree = "<group>";
		};
		0EB8609C2BF742CC00E99EC1 /* NetworkManager */ = {
			isa = PBXGroup;
			children = (
				0EB8609D2BF7431D00E99EC1 /* NetworkManager.swift */,
				0EB8609F2BF7433900E99EC1 /* EndPoint.swift */,
			);
			path = NetworkManager;
			sourceTree = "<group>";
		};
		0EB860A12BF743DA00E99EC1 /* CustomView */ = {
			isa = PBXGroup;
			children = (
				0E5B7CFF2C007C0E0014025E /* Labels.swift */,
				0E5B7D012C008B840014025E /* TabBarController.swift */,
				0E5B7D032C008B870014025E /* Labels */,
			);
			path = CustomView;
			sourceTree = "<group>";
		};
		0EB860A22BF743F300E99EC1 /* Extension */ = {
			isa = PBXGroup;
			children = (
				0E5B7CF42BFE25C10014025E /* CGFloat+Ext.swift */,
			);
			path = Extension;
			sourceTree = "<group>";
		};
		0EB860A32BF7441D00E99EC1 /* Model */ = {
			isa = PBXGroup;
			children = (
				0EB860AA2BF772AE00E99EC1 /* CharacterModel.swift */,
				0EB860AC2BF772D000E99EC1 /* CharacterDetailsModel.swift */,
				0E5B7D102C00A6A80014025E /* CombinedCharacter.swift */,
			);
			path = Model;
			sourceTree = "<group>";
		};
		0EB860B02BF77A7000E99EC1 /* Helper */ = {
			isa = PBXGroup;
			children = (
				0EB860B12BF77A8300E99EC1 /* CollectionViewHelper.swift */,
				0E430EE92C0F58EF00E09841 /* MakeAlertHelper.swift */,
			);
			path = Helper;
			sourceTree = "<group>";
		};
		0EB860B32BF7836700E99EC1 /* HomeView */ = {
			isa = PBXGroup;
			children = (
				0EE86BFD2BF73B8F005C5240 /* HomeView.swift */,
				0EB860B52BF7839F00E99EC1 /* HomeCell.swift */,
			);
			path = HomeView;
			sourceTree = "<group>";
		};
		0EB860B42BF7837700E99EC1 /* HomeViewModel */ = {
			isa = PBXGroup;
			children = (
				0EB860AE2BF778E500E99EC1 /* HomeViewModel.swift */,
			);
			path = HomeViewModel;
			sourceTree = "<group>";
		};
		0EE86BED2BF73B8F005C5240 = {
			isa = PBXGroup;
			children = (
				0EE86BF82BF73B8F005C5240 /* GenericNetworkLayer */,
				0EE86BF72BF73B8F005C5240 /* Products */,
			);
			sourceTree = "<group>";
		};
		0EE86BF72BF73B8F005C5240 /* Products */ = {
			isa = PBXGroup;
			children = (
				0EE86BF62BF73B8F005C5240 /* GenericNetworkLayer.app */,
			);
			name = Products;
			sourceTree = "<group>";
		};
		0EE86BF82BF73B8F005C5240 /* GenericNetworkLayer */ = {
			isa = PBXGroup;
			children = (
				0E5B7D0B2C0093D30014025E /* UserDefaults */,
				0EB8609C2BF742CC00E99EC1 /* NetworkManager */,
				0EB8609B2BF742BD00E99EC1 /* Service */,
				0EB860A32BF7441D00E99EC1 /* Model */,
				0EB860992BF742AE00E99EC1 /* View */,
				0EB8609A2BF742B400E99EC1 /* ViewModel */,
				0EB860A22BF743F300E99EC1 /* Extension */,
				0EB860A12BF743DA00E99EC1 /* CustomView */,
				0EB860B02BF77A7000E99EC1 /* Helper */,
				0E5B7CFC2C007B7C0014025E /* Utilities */,
				0EB860982BF742A700E99EC1 /* Core */,
				0EE86C072BF73B90005C5240 /* Info.plist */,
			);
			path = GenericNetworkLayer;
			sourceTree = "<group>";
		};
/* End PBXGroup section */

/* Begin PBXNativeTarget section */
		0EE86BF52BF73B8F005C5240 /* GenericNetworkLayer */ = {
			isa = PBXNativeTarget;
			buildConfigurationList = 0EE86C0A2BF73B90005C5240 /* Build configuration list for PBXNativeTarget "GenericNetworkLayer" */;
			buildPhases = (
				0EE86BF22BF73B8F005C5240 /* Sources */,
				0EE86BF32BF73B8F005C5240 /* Frameworks */,
				0EE86BF42BF73B8F005C5240 /* Resources */,
			);
			buildRules = (
			);
			dependencies = (
			);
			name = GenericNetworkLayer;
			packageProductDependencies = (
				0EB860B82BF788D900E99EC1 /* SDWebImage */,
				0EB860BA2BF788D900E99EC1 /* SDWebImageMapKit */,
			);
			productName = GenericNetworkLayer;
			productReference = 0EE86BF62BF73B8F005C5240 /* GenericNetworkLayer.app */;
			productType = "com.apple.product-type.application";
		};
/* End PBXNativeTarget section */

/* Begin PBXProject section */
		0EE86BEE2BF73B8F005C5240 /* Project object */ = {
			isa = PBXProject;
			attributes = {
				BuildIndependentTargetsInParallel = 1;
				LastSwiftUpdateCheck = 1530;
				LastUpgradeCheck = 1530;
				TargetAttributes = {
					0EE86BF52BF73B8F005C5240 = {
						CreatedOnToolsVersion = 15.3;
					};
				};
			};
			buildConfigurationList = 0EE86BF12BF73B8F005C5240 /* Build configuration list for PBXProject "GenericNetworkLayer" */;
			compatibilityVersion = "Xcode 14.0";
			developmentRegion = en;
			hasScannedForEncodings = 0;
			knownRegions = (
				en,
				Base,
			);
			mainGroup = 0EE86BED2BF73B8F005C5240;
			packageReferences = (
				0EB860B72BF788D900E99EC1 /* XCRemoteSwiftPackageReference "SDWebImage" */,
			);
			productRefGroup = 0EE86BF72BF73B8F005C5240 /* Products */;
			projectDirPath = "";
			projectRoot = "";
			targets = (
				0EE86BF52BF73B8F005C5240 /* GenericNetworkLayer */,
			);
		};
/* End PBXProject section */

/* Begin PBXResourcesBuildPhase section */
		0EE86BF42BF73B8F005C5240 /* Resources */ = {
			isa = PBXResourcesBuildPhase;
			buildActionMask = 2147483647;
			files = (
				0EE86C032BF73B90005C5240 /* Assets.xcassets in Resources */,
				0EE86C062BF73B90005C5240 /* Base in Resources */,
				0EE86C012BF73B8F005C5240 /* Base in Resources */,
			);
			runOnlyForDeploymentPostprocessing = 0;
		};
/* End PBXResourcesBuildPhase section */

/* Begin PBXSourcesBuildPhase section */
		0EE86BF22BF73B8F005C5240 /* Sources */ = {
			isa = PBXSourcesBuildPhase;
			buildActionMask = 2147483647;
			files = (
				0EB8609E2BF7431E00E99EC1 /* NetworkManager.swift in Sources */,
				0EB860AF2BF778E500E99EC1 /* HomeViewModel.swift in Sources */,
				0EC104AB2C05F7E500D6696B /* FavoritesCell.swift in Sources */,
				0EB860A92BF771FC00E99EC1 /* CharacterToDetailsService.swift in Sources */,
				0E5B7CFB2BFF5FC80014025E /* DetailsViewModel.swift in Sources */,
				0E5B7D112C00A6A80014025E /* CombinedCharacter.swift in Sources */,
				0E5B7CFE2C007B9D0014025E /* NetworkError.swift in Sources */,
				0E5B7D0D2C0093FE0014025E /* UserDefaultsServie.swift in Sources */,
				0E430EEA2C0F58EF00E09841 /* MakeAlertHelper.swift in Sources */,
				0E5B7D0F2C009F740014025E /* CharacterError.swift in Sources */,
				0EE86BFE2BF73B8F005C5240 /* HomeView.swift in Sources */,
				0EB860AB2BF772AE00E99EC1 /* CharacterModel.swift in Sources */,
				0E5B7D022C008B840014025E /* TabBarController.swift in Sources */,
				0EB860B62BF7839F00E99EC1 /* HomeCell.swift in Sources */,
				0EB860A72BF771E600E99EC1 /* CharacterServiceDelegate.swift in Sources */,
				0E5B7D0A2C008E720014025E /* FavoritesViewModel.swift in Sources */,
				0EB860A02BF7433900E99EC1 /* EndPoint.swift in Sources */,
				0EB860B22BF77A8300E99EC1 /* CollectionViewHelper.swift in Sources */,
				0E5B7D002C007C0E0014025E /* Labels.swift in Sources */,
				0EE86BFA2BF73B8F005C5240 /* AppDelegate.swift in Sources */,
				0E5B7CF92BFF5FBD0014025E /* DetailsView.swift in Sources */,
				0EB860AD2BF772D000E99EC1 /* CharacterDetailsModel.swift in Sources */,
				0E5B7CF52BFE25C10014025E /* CGFloat+Ext.swift in Sources */,
				0EE86BFC2BF73B8F005C5240 /* SceneDelegate.swift in Sources */,
				0E5B7D082C008E600014025E /* FavoritesView.swift in Sources */,
			);
			runOnlyForDeploymentPostprocessing = 0;
		};
/* End PBXSourcesBuildPhase section */

/* Begin PBXVariantGroup section */
		0EE86BFF2BF73B8F005C5240 /* Main.storyboard */ = {
			isa = PBXVariantGroup;
			children = (
				0EE86C002BF73B8F005C5240 /* Base */,
			);
			name = Main.storyboard;
			sourceTree = "<group>";
		};
		0EE86C042BF73B90005C5240 /* LaunchScreen.storyboard */ = {
			isa = PBXVariantGroup;
			children = (
				0EE86C052BF73B90005C5240 /* Base */,
			);
			name = LaunchScreen.storyboard;
			sourceTree = "<group>";
		};
/* End PBXVariantGroup section */

/* Begin XCBuildConfiguration section */
		0EE86C082BF73B90005C5240 /* Debug */ = {
			isa = XCBuildConfiguration;
			buildSettings = {
				ALWAYS_SEARCH_USER_PATHS = NO;
				ASSETCATALOG_COMPILER_GENERATE_SWIFT_ASSET_SYMBOL_EXTENSIONS = YES;
				CLANG_ANALYZER_NONNULL = YES;
				CLANG_ANALYZER_NUMBER_OBJECT_CONVERSION = YES_AGGRESSIVE;
				CLANG_CXX_LANGUAGE_STANDARD = "gnu++20";
				CLANG_ENABLE_MODULES = YES;
				CLANG_ENABLE_OBJC_ARC = YES;
				CLANG_ENABLE_OBJC_WEAK = YES;
				CLANG_WARN_BLOCK_CAPTURE_AUTORELEASING = YES;
				CLANG_WARN_BOOL_CONVERSION = YES;
				CLANG_WARN_COMMA = YES;
				CLANG_WARN_CONSTANT_CONVERSION = YES;
				CLANG_WARN_DEPRECATED_OBJC_IMPLEMENTATIONS = YES;
				CLANG_WARN_DIRECT_OBJC_ISA_USAGE = YES_ERROR;
				CLANG_WARN_DOCUMENTATION_COMMENTS = YES;
				CLANG_WARN_EMPTY_BODY = YES;
				CLANG_WARN_ENUM_CONVERSION = YES;
				CLANG_WARN_INFINITE_RECURSION = YES;
				CLANG_WARN_INT_CONVERSION = YES;
				CLANG_WARN_NON_LITERAL_NULL_CONVERSION = YES;
				CLANG_WARN_OBJC_IMPLICIT_RETAIN_SELF = YES;
				CLANG_WARN_OBJC_LITERAL_CONVERSION = YES;
				CLANG_WARN_OBJC_ROOT_CLASS = YES_ERROR;
				CLANG_WARN_QUOTED_INCLUDE_IN_FRAMEWORK_HEADER = YES;
				CLANG_WARN_RANGE_LOOP_ANALYSIS = YES;
				CLANG_WARN_STRICT_PROTOTYPES = YES;
				CLANG_WARN_SUSPICIOUS_MOVE = YES;
				CLANG_WARN_UNGUARDED_AVAILABILITY = YES_AGGRESSIVE;
				CLANG_WARN_UNREACHABLE_CODE = YES;
				CLANG_WARN__DUPLICATE_METHOD_MATCH = YES;
				COPY_PHASE_STRIP = NO;
				DEBUG_INFORMATION_FORMAT = dwarf;
				ENABLE_STRICT_OBJC_MSGSEND = YES;
				ENABLE_TESTABILITY = YES;
				ENABLE_USER_SCRIPT_SANDBOXING = YES;
				GCC_C_LANGUAGE_STANDARD = gnu17;
				GCC_DYNAMIC_NO_PIC = NO;
				GCC_NO_COMMON_BLOCKS = YES;
				GCC_OPTIMIZATION_LEVEL = 0;
				GCC_PREPROCESSOR_DEFINITIONS = (
					"DEBUG=1",
					"$(inherited)",
				);
				GCC_WARN_64_TO_32_BIT_CONVERSION = YES;
				GCC_WARN_ABOUT_RETURN_TYPE = YES_ERROR;
				GCC_WARN_UNDECLARED_SELECTOR = YES;
				GCC_WARN_UNINITIALIZED_AUTOS = YES_AGGRESSIVE;
				GCC_WARN_UNUSED_FUNCTION = YES;
				GCC_WARN_UNUSED_VARIABLE = YES;
				IPHONEOS_DEPLOYMENT_TARGET = 17.4;
				LOCALIZATION_PREFERS_STRING_CATALOGS = YES;
				MTL_ENABLE_DEBUG_INFO = INCLUDE_SOURCE;
				MTL_FAST_MATH = YES;
				ONLY_ACTIVE_ARCH = YES;
				SDKROOT = iphoneos;
				SWIFT_ACTIVE_COMPILATION_CONDITIONS = "DEBUG $(inherited)";
				SWIFT_OPTIMIZATION_LEVEL = "-Onone";
			};
			name = Debug;
		};
		0EE86C092BF73B90005C5240 /* Release */ = {
			isa = XCBuildConfiguration;
			buildSettings = {
				ALWAYS_SEARCH_USER_PATHS = NO;
				ASSETCATALOG_COMPILER_GENERATE_SWIFT_ASSET_SYMBOL_EXTENSIONS = YES;
				CLANG_ANALYZER_NONNULL = YES;
				CLANG_ANALYZER_NUMBER_OBJECT_CONVERSION = YES_AGGRESSIVE;
				CLANG_CXX_LANGUAGE_STANDARD = "gnu++20";
				CLANG_ENABLE_MODULES = YES;
				CLANG_ENABLE_OBJC_ARC = YES;
				CLANG_ENABLE_OBJC_WEAK = YES;
				CLANG_WARN_BLOCK_CAPTURE_AUTORELEASING = YES;
				CLANG_WARN_BOOL_CONVERSION = YES;
				CLANG_WARN_COMMA = YES;
				CLANG_WARN_CONSTANT_CONVERSION = YES;
				CLANG_WARN_DEPRECATED_OBJC_IMPLEMENTATIONS = YES;
				CLANG_WARN_DIRECT_OBJC_ISA_USAGE = YES_ERROR;
				CLANG_WARN_DOCUMENTATION_COMMENTS = YES;
				CLANG_WARN_EMPTY_BODY = YES;
				CLANG_WARN_ENUM_CONVERSION = YES;
				CLANG_WARN_INFINITE_RECURSION = YES;
				CLANG_WARN_INT_CONVERSION = YES;
				CLANG_WARN_NON_LITERAL_NULL_CONVERSION = YES;
				CLANG_WARN_OBJC_IMPLICIT_RETAIN_SELF = YES;
				CLANG_WARN_OBJC_LITERAL_CONVERSION = YES;
				CLANG_WARN_OBJC_ROOT_CLASS = YES_ERROR;
				CLANG_WARN_QUOTED_INCLUDE_IN_FRAMEWORK_HEADER = YES;
				CLANG_WARN_RANGE_LOOP_ANALYSIS = YES;
				CLANG_WARN_STRICT_PROTOTYPES = YES;
				CLANG_WARN_SUSPICIOUS_MOVE = YES;
				CLANG_WARN_UNGUARDED_AVAILABILITY = YES_AGGRESSIVE;
				CLANG_WARN_UNREACHABLE_CODE = YES;
				CLANG_WARN__DUPLICATE_METHOD_MATCH = YES;
				COPY_PHASE_STRIP = NO;
				DEBUG_INFORMATION_FORMAT = "dwarf-with-dsym";
				ENABLE_NS_ASSERTIONS = NO;
				ENABLE_STRICT_OBJC_MSGSEND = YES;
				ENABLE_USER_SCRIPT_SANDBOXING = YES;
				GCC_C_LANGUAGE_STANDARD = gnu17;
				GCC_NO_COMMON_BLOCKS = YES;
				GCC_WARN_64_TO_32_BIT_CONVERSION = YES;
				GCC_WARN_ABOUT_RETURN_TYPE = YES_ERROR;
				GCC_WARN_UNDECLARED_SELECTOR = YES;
				GCC_WARN_UNINITIALIZED_AUTOS = YES_AGGRESSIVE;
				GCC_WARN_UNUSED_FUNCTION = YES;
				GCC_WARN_UNUSED_VARIABLE = YES;
				IPHONEOS_DEPLOYMENT_TARGET = 17.4;
				LOCALIZATION_PREFERS_STRING_CATALOGS = YES;
				MTL_ENABLE_DEBUG_INFO = NO;
				MTL_FAST_MATH = YES;
				SDKROOT = iphoneos;
				SWIFT_COMPILATION_MODE = wholemodule;
				VALIDATE_PRODUCT = YES;
			};
			name = Release;
		};
		0EE86C0B2BF73B90005C5240 /* Debug */ = {
			isa = XCBuildConfiguration;
			buildSettings = {
				ASSETCATALOG_COMPILER_APPICON_NAME = AppIcon;
				ASSETCATALOG_COMPILER_GLOBAL_ACCENT_COLOR_NAME = AccentColor;
				CODE_SIGN_STYLE = Automatic;
				CURRENT_PROJECT_VERSION = 1;
				DEVELOPMENT_TEAM = 6HT5X4W7TW;
				GENERATE_INFOPLIST_FILE = YES;
				INFOPLIST_FILE = GenericNetworkLayer/Info.plist;
				INFOPLIST_KEY_UIApplicationSupportsIndirectInputEvents = YES;
				INFOPLIST_KEY_UILaunchStoryboardName = LaunchScreen;
				INFOPLIST_KEY_UISupportedInterfaceOrientations_iPad = "UIInterfaceOrientationPortrait UIInterfaceOrientationPortraitUpsideDown UIInterfaceOrientationLandscapeLeft UIInterfaceOrientationLandscapeRight";
				INFOPLIST_KEY_UISupportedInterfaceOrientations_iPhone = "UIInterfaceOrientationPortrait UIInterfaceOrientationLandscapeLeft UIInterfaceOrientationLandscapeRight";
				LD_RUNPATH_SEARCH_PATHS = (
					"$(inherited)",
					"@executable_path/Frameworks",
				);
				MARKETING_VERSION = 1.0;
				PRODUCT_BUNDLE_IDENTIFIER = com.ahmettunahanbekdas.GenericNetworkLayer;
				PRODUCT_NAME = "$(TARGET_NAME)";
				SWIFT_EMIT_LOC_STRINGS = YES;
				SWIFT_VERSION = 5.0;
				TARGETED_DEVICE_FAMILY = "1,2";
			};
			name = Debug;
		};
		0EE86C0C2BF73B90005C5240 /* Release */ = {
			isa = XCBuildConfiguration;
			buildSettings = {
				ASSETCATALOG_COMPILER_APPICON_NAME = AppIcon;
				ASSETCATALOG_COMPILER_GLOBAL_ACCENT_COLOR_NAME = AccentColor;
				CODE_SIGN_STYLE = Automatic;
				CURRENT_PROJECT_VERSION = 1;
				DEVELOPMENT_TEAM = 6HT5X4W7TW;
				GENERATE_INFOPLIST_FILE = YES;
				INFOPLIST_FILE = GenericNetworkLayer/Info.plist;
				INFOPLIST_KEY_UIApplicationSupportsIndirectInputEvents = YES;
				INFOPLIST_KEY_UILaunchStoryboardName = LaunchScreen;
				INFOPLIST_KEY_UISupportedInterfaceOrientations_iPad = "UIInterfaceOrientationPortrait UIInterfaceOrientationPortraitUpsideDown UIInterfaceOrientationLandscapeLeft UIInterfaceOrientationLandscapeRight";
				INFOPLIST_KEY_UISupportedInterfaceOrientations_iPhone = "UIInterfaceOrientationPortrait UIInterfaceOrientationLandscapeLeft UIInterfaceOrientationLandscapeRight";
				LD_RUNPATH_SEARCH_PATHS = (
					"$(inherited)",
					"@executable_path/Frameworks",
				);
				MARKETING_VERSION = 1.0;
				PRODUCT_BUNDLE_IDENTIFIER = com.ahmettunahanbekdas.GenericNetworkLayer;
				PRODUCT_NAME = "$(TARGET_NAME)";
				SWIFT_EMIT_LOC_STRINGS = YES;
				SWIFT_VERSION = 5.0;
				TARGETED_DEVICE_FAMILY = "1,2";
			};
			name = Release;
		};
/* End XCBuildConfiguration section */

/* Begin XCConfigurationList section */
		0EE86BF12BF73B8F005C5240 /* Build configuration list for PBXProject "GenericNetworkLayer" */ = {
			isa = XCConfigurationList;
			buildConfigurations = (
				0EE86C082BF73B90005C5240 /* Debug */,
				0EE86C092BF73B90005C5240 /* Release */,
			);
			defaultConfigurationIsVisible = 0;
			defaultConfigurationName = Release;
		};
		0EE86C0A2BF73B90005C5240 /* Build configuration list for PBXNativeTarget "GenericNetworkLayer" */ = {
			isa = XCConfigurationList;
			buildConfigurations = (
				0EE86C0B2BF73B90005C5240 /* Debug */,
				0EE86C0C2BF73B90005C5240 /* Release */,
			);
			defaultConfigurationIsVisible = 0;
			defaultConfigurationName = Release;
		};
/* End XCConfigurationList section */

/* Begin XCRemoteSwiftPackageReference section */
		0EB860B72BF788D900E99EC1 /* XCRemoteSwiftPackageReference "SDWebImage" */ = {
			isa = XCRemoteSwiftPackageReference;
			repositoryURL = "https://github.com/SDWebImage/SDWebImage.git";
			requirement = {
				kind = upToNextMajorVersion;
				minimumVersion = 5.19.2;
			};
		};
/* End XCRemoteSwiftPackageReference section */

/* Begin XCSwiftPackageProductDependency section */
		0EB860B82BF788D900E99EC1 /* SDWebImage */ = {
			isa = XCSwiftPackageProductDependency;
			package = 0EB860B72BF788D900E99EC1 /* XCRemoteSwiftPackageReference "SDWebImage" */;
			productName = SDWebImage;
		};
		0EB860BA2BF788D900E99EC1 /* SDWebImageMapKit */ = {
			isa = XCSwiftPackageProductDependency;
			package = 0EB860B72BF788D900E99EC1 /* XCRemoteSwiftPackageReference "SDWebImage" */;
			productName = SDWebImageMapKit;
		};
/* End XCSwiftPackageProductDependency section */
	};
	rootObject = 0EE86BEE2BF73B8F005C5240 /* Project object */;
}
